PODS:
  - HealthKitReporter (1.6.4)
  - HealthKitReporter/Tests (1.6.4)

DEPENDENCIES:
  - HealthKitReporter (from `../`)
  - HealthKitReporter/Tests (from `../`)

EXTERNAL SOURCES:
  HealthKitReporter:
    :path: "../"

SPEC CHECKSUMS:
  HealthKitReporter: 313a822918d705beb27bdeeb5794c1afa4fe88bb

PODFILE CHECKSUM: 42dc208a4788fd9b7d8eebf0c62dd84606fddf4d

COCOAPODS: 1.11.2
