// !$*UTF8*$!
{
	archiveVersion = 1;
	classes = {
	};
	objectVersion = 60;
	objects = {

/* Begin PBXBuildFile section */
		056272BAFDB0E01E55F72269 /* DemoSamples.swift in Sources */ = {isa = PBXBuildFile; fileRef = 0E94B4AA9F04E3B682573F96 /* DemoSamples.swift */; };
		0775C0479A7444DC8FB800AF /* Foundation.framework in Frameworks */ = {isa = PBXBuildFile; fileRef = D9FEAFB977B5FD819D58FB6C /* Foundation.framework */; };
		0C20C180806A2920BF058A5C /* WorkoutView.swift in Sources */ = {isa = PBXBuildFile; fileRef = 399B47909B1CB7776672347C /* WorkoutView.swift */; };
		0F857CA510AADA16A3308649 /* Extensions+HealthKitReporter.swift in Sources */ = {isa = PBXBuildFile; fileRef = 2091E65F20470315B7CE52AC /* Extensions+HealthKitReporter.swift */; };
		126800DF32541B7218DA1012 /* HealthKitReporterWatch.app in Embed Watch Content */ = {isa = PBXBuildFile; fileRef = 5CD9502953B49AA83BC74E74 /* HealthKitReporterWatch.app */; settings = {ATTRIBUTES = (RemoveHeadersOnCopy, ); }; };
		177A689D26198F15435C0353 /* DemoCell.swift in Sources */ = {isa = PBXBuildFile; fileRef = 78574B0DE430F32780E70D46 /* DemoCell.swift */; };
		179DA3B125250601003A2C22 /* HealthKit.framework in Frameworks */ = {isa = PBXBuildFile; fileRef = 179DA3B025250601003A2C22 /* HealthKit.framework */; };
		17FB97D12581399C0092B9E9 /* LocalNotificationManager.swift in Sources */ = {isa = PBXBuildFile; fileRef = 17FB97D02581399C0092B9E9 /* LocalNotificationManager.swift */; };
		17FB97DA25813A250092B9E9 /* LocalNotification.swift in Sources */ = {isa = PBXBuildFile; fileRef = 17FB97D925813A250092B9E9 /* LocalNotification.swift */; };
		2BDE720567D8647A1A84168B /* RecordsDemos.swift in Sources */ = {isa = PBXBuildFile; fileRef = 169B453CE6C1B2A0CCC35EB6 /* RecordsDemos.swift */; };
		2E1F4EBBF4CFAB5C8C54A774 /* AuthorizationDemos.swift in Sources */ = {isa = PBXBuildFile; fileRef = 831CAB0A312C48E5713E6AAF /* AuthorizationDemos.swift */; };
		3C1F425779E73FF7028F9890 /* DemoSection.swift in Sources */ = {isa = PBXBuildFile; fileRef = BFB16590C7872C5419BBD62D /* DemoSection.swift */; };
		3CE3BFA8F0756058C3670C13 /* DemoRow.swift in Sources */ = {isa = PBXBuildFile; fileRef = 1619DC4A33FE5CBB92213A85 /* DemoRow.swift */; };
		48455D0340F3A069DACC669E /* DemoViewController.swift in Sources */ = {isa = PBXBuildFile; fileRef = E3AF36C0587A0BB81C3A5F50 /* DemoViewController.swift */; };
		53F21E22BCAF950177B7CCE9 /* DemoHeaderView.swift in Sources */ = {isa = PBXBuildFile; fileRef = 83CB809F903CB6AF6CF5E3BC /* DemoHeaderView.swift */; };
		576F76E3D92152EF61ACE43A /* ManagerDemos.swift in Sources */ = {isa = PBXBuildFile; fileRef = C1195AF66845E5204246F9A7 /* ManagerDemos.swift */; };
		607FACD61AFB9204008FA782 /* AppDelegate.swift in Sources */ = {isa = PBXBuildFile; fileRef = 607FACD51AFB9204008FA782 /* AppDelegate.swift */; };
		607FACDD1AFB9204008FA782 /* Images.xcassets in Resources */ = {isa = PBXBuildFile; fileRef = 607FACDC1AFB9204008FA782 /* Images.xcassets */; };
		607FACE01AFB9204008FA782 /* LaunchScreen.xib in Resources */ = {isa = PBXBuildFile; fileRef = 607FACDE1AFB9204008FA782 /* LaunchScreen.xib */; };
		674CBD1893A9EFF7386D7989 /* HealthKitReporter in Frameworks */ = {isa = PBXBuildFile; productRef = F4C4ACD184EFE2E22AFFB9F2 /* HealthKitReporter */; };
		76B5473E561501E6A15874C5 /* DemoSectionHeaderView.swift in Sources */ = {isa = PBXBuildFile; fileRef = 4B103E0B288EFF86C60FFAE6 /* DemoSectionHeaderView.swift */; };
		77C7B8B5021356F6A9536FD2 /* Extensions+String.swift in Sources */ = {isa = PBXBuildFile; fileRef = 06470CCEF42ED44D57F72157 /* Extensions+String.swift */; };
		79D38A611469DF8B137672C5 /* DemoPerformer.swift in Sources */ = {isa = PBXBuildFile; fileRef = F1D968EEFB9FA2F9572D2D21 /* DemoPerformer.swift */; };
		7CC9EFF65B542E9EDA1E64FA /* WatchAppDelegate.swift in Sources */ = {isa = PBXBuildFile; fileRef = D50B30F25074366B11C222EC /* WatchAppDelegate.swift */; };
		851FB4AE717EF8869E4CA6E4 /* Extensions+NSPredicate.swift in Sources */ = {isa = PBXBuildFile; fileRef = 9B1A41E35678FC29B46044C2 /* Extensions+NSPredicate.swift */; };
		888EC253105DE02032668BE6 /* LiveQueries.swift in Sources */ = {isa = PBXBuildFile; fileRef = 50903794B3083DFFBD2E410E /* LiveQueries.swift */; };
		90F47831AD5EEBC2902E5632 /* StatisticsDemos.swift in Sources */ = {isa = PBXBuildFile; fileRef = 070BD0EBAE78B36F6353742C /* StatisticsDemos.swift */; };
		99834C60B8BDC829B01F4525 /* WorkoutSession.swift in Sources */ = {isa = PBXBuildFile; fileRef = CBDD86B3529124CD16E5584C /* WorkoutSession.swift */; };
		A63CA83278161A7ABD306DDD /* Extensions+Sequence.swift in Sources */ = {isa = PBXBuildFile; fileRef = 1F2A75198314747587C8AF62 /* Extensions+Sequence.swift */; };
		A6AD053525AD15D77ABB0F46 /* DemoView.swift in Sources */ = {isa = PBXBuildFile; fileRef = 8DB0CE9F810F0BE3697A5E06 /* DemoView.swift */; };
		A6D7C9CDECA7F7E09D94D4CD /* DemoResult.swift in Sources */ = {isa = PBXBuildFile; fileRef = DA62FEEBED8ADC6E8B2A49A3 /* DemoResult.swift */; };
		AE5A04A51E92F5CEFD47772A /* SeedingDemos.swift in Sources */ = {isa = PBXBuildFile; fileRef = 2711930C03A6CF07308CA1F2 /* SeedingDemos.swift */; };
		BB3D2988B7C86A7A836EEF8E /* ObserverDemos.swift in Sources */ = {isa = PBXBuildFile; fileRef = 9127C5684F3F1B80DFA628A0 /* ObserverDemos.swift */; };
		BE602FE58B41A2CABA79C73F /* HealthKitReporterService.swift in Sources */ = {isa = PBXBuildFile; fileRef = 26F305D5C0C878EEA203AE98 /* HealthKitReporterService.swift */; };
		C1F799065E5417D08A957DB2 /* Extensions+Encodable.swift in Sources */ = {isa = PBXBuildFile; fileRef = 24E2CE50725920879C6CC967 /* Extensions+Encodable.swift */; };
		D9E5DA09CCFD8FCB44918A89 /* WriterDemos.swift in Sources */ = {isa = PBXBuildFile; fileRef = 1A176DB429BA8C55C3132CA3 /* WriterDemos.swift */; };
		DA6428C07EBFC785EE444D8E /* ReaderDemos.swift in Sources */ = {isa = PBXBuildFile; fileRef = 3210B57F8ADF82F0E89BF5F8 /* ReaderDemos.swift */; };
		E6F5815BBA0B5A7DB9893315 /* HealthKitReporter in Frameworks */ = {isa = PBXBuildFile; productRef = CB29EA5850873314422F3F49 /* HealthKitReporter */; };
		ECEA117B619BAC74A17F10ED /* DemoViewModel.swift in Sources */ = {isa = PBXBuildFile; fileRef = 9778DFE1D9633B197827F125 /* DemoViewModel.swift */; };
		FA346A3AC34BAE92AE078786 /* HealthKitReporterWatchApp.swift in Sources */ = {isa = PBXBuildFile; fileRef = 4A74A54802A8F0D920E648D3 /* HealthKitReporterWatchApp.swift */; };
/* End PBXBuildFile section */

/* Begin PBXContainerItemProxy section */
		AC746AC60A2670C5A8A6B375 /* PBXContainerItemProxy */ = {
			isa = PBXContainerItemProxy;
			containerPortal = 607FACC81AFB9204008FA782 /* Project object */;
			proxyType = 1;
			remoteGlobalIDString = E5D2EE5702AB2A511D84D548;
			remoteInfo = HealthKitReporterWatch;
		};
/* End PBXContainerItemProxy section */

/* Begin PBXCopyFilesBuildPhase section */
		9879F941837E4C5DEACFC021 /* Embed Watch Content */ = {
			isa = PBXCopyFilesBuildPhase;
			buildActionMask = 2147483647;
			dstPath = "$(CONTENTS_FOLDER_PATH)/Watch";
			dstSubfolderSpec = 16;
			files = (
				126800DF32541B7218DA1012 /* HealthKitReporterWatch.app in Embed Watch Content */,
			);
			name = "Embed Watch Content";
			runOnlyForDeploymentPostprocessing = 0;
		};
/* End PBXCopyFilesBuildPhase section */

/* Begin PBXFileReference section */
		04F570C725DC5EC80084336C /* .swiftlint.yml */ = {isa = PBXFileReference; fileEncoding = 4; lastKnownFileType = text.yaml; name = .swiftlint.yml; path = ../.swiftlint.yml; sourceTree = "<group>"; };
		06470CCEF42ED44D57F72157 /* Extensions+String.swift */ = {isa = PBXFileReference; includeInIndex = 1; lastKnownFileType = sourcecode.swift; path = "Extensions+String.swift"; sourceTree = "<group>"; };
		070BD0EBAE78B36F6353742C /* StatisticsDemos.swift */ = {isa = PBXFileReference; includeInIndex = 1; lastKnownFileType = sourcecode.swift; path = StatisticsDemos.swift; sourceTree = "<group>"; };
		0E94B4AA9F04E3B682573F96 /* DemoSamples.swift */ = {isa = PBXFileReference; includeInIndex = 1; lastKnownFileType = sourcecode.swift; path = DemoSamples.swift; sourceTree = "<group>"; };
		1619DC4A33FE5CBB92213A85 /* DemoRow.swift */ = {isa = PBXFileReference; includeInIndex = 1; lastKnownFileType = sourcecode.swift; path = DemoRow.swift; sourceTree = "<group>"; };
		169B453CE6C1B2A0CCC35EB6 /* RecordsDemos.swift */ = {isa = PBXFileReference; includeInIndex = 1; lastKnownFileType = sourcecode.swift; path = RecordsDemos.swift; sourceTree = "<group>"; };
		179DA3AF25250601003A2C22 /* HealthKitReporter_Example.entitlements */ = {isa = PBXFileReference; lastKnownFileType = text.plist.entitlements; path = HealthKitReporter_Example.entitlements; sourceTree = "<group>"; };
		179DA3B025250601003A2C22 /* HealthKit.framework */ = {isa = PBXFileReference; lastKnownFileType = wrapper.framework; name = HealthKit.framework; path = System/Library/Frameworks/HealthKit.framework; sourceTree = SDKROOT; };
		17B76BF7255C501100A62E96 /* CODE_OF_CONDUCT.md */ = {isa = PBXFileReference; lastKnownFileType = net.daringfireball.markdown; name = CODE_OF_CONDUCT.md; path = ../CODE_OF_CONDUCT.md; sourceTree = "<group>"; };
		17B76BF8255C501100A62E96 /* CONTRIBUTING.md */ = {isa = PBXFileReference; lastKnownFileType = net.daringfireball.markdown; name = CONTRIBUTING.md; path = ../CONTRIBUTING.md; sourceTree = "<group>"; };
		17B76BF9255C501100A62E96 /* CHANGELOG.md */ = {isa = PBXFileReference; lastKnownFileType = net.daringfireball.markdown; name = CHANGELOG.md; path = ../CHANGELOG.md; sourceTree = "<group>"; };
		17FB97D02581399C0092B9E9 /* LocalNotificationManager.swift */ = {isa = PBXFileReference; lastKnownFileType = sourcecode.swift; path = LocalNotificationManager.swift; sourceTree = "<group>"; };
		17FB97D925813A250092B9E9 /* LocalNotification.swift */ = {isa = PBXFileReference; lastKnownFileType = sourcecode.swift; path = LocalNotification.swift; sourceTree = "<group>"; };
		1A176DB429BA8C55C3132CA3 /* WriterDemos.swift */ = {isa = PBXFileReference; includeInIndex = 1; lastKnownFileType = sourcecode.swift; path = WriterDemos.swift; sourceTree = "<group>"; };
		1F2A75198314747587C8AF62 /* Extensions+Sequence.swift */ = {isa = PBXFileReference; includeInIndex = 1; lastKnownFileType = sourcecode.swift; path = "Extensions+Sequence.swift"; sourceTree = "<group>"; };
		2091E65F20470315B7CE52AC /* Extensions+HealthKitReporter.swift */ = {isa = PBXFileReference; includeInIndex = 1; lastKnownFileType = sourcecode.swift; path = "Extensions+HealthKitReporter.swift"; sourceTree = "<group>"; };
		24E2CE50725920879C6CC967 /* Extensions+Encodable.swift */ = {isa = PBXFileReference; includeInIndex = 1; lastKnownFileType = sourcecode.swift; path = "Extensions+Encodable.swift"; sourceTree = "<group>"; };
		26F305D5C0C878EEA203AE98 /* HealthKitReporterService.swift */ = {isa = PBXFileReference; includeInIndex = 1; lastKnownFileType = sourcecode.swift; path = HealthKitReporterService.swift; sourceTree = "<group>"; };
		2711930C03A6CF07308CA1F2 /* SeedingDemos.swift */ = {isa = PBXFileReference; includeInIndex = 1; lastKnownFileType = sourcecode.swift; path = SeedingDemos.swift; sourceTree = "<group>"; };
		3210B57F8ADF82F0E89BF5F8 /* ReaderDemos.swift */ = {isa = PBXFileReference; includeInIndex = 1; lastKnownFileType = sourcecode.swift; path = ReaderDemos.swift; sourceTree = "<group>"; };
		399B47909B1CB7776672347C /* WorkoutView.swift */ = {isa = PBXFileReference; includeInIndex = 1; lastKnownFileType = sourcecode.swift; path = WorkoutView.swift; sourceTree = "<group>"; };
		4225B1F2FA7288FF2B5908B1 /* HealthKitReporterWatch.entitlements */ = {isa = PBXFileReference; includeInIndex = 1; lastKnownFileType = text.plist.entitlements; path = HealthKitReporterWatch.entitlements; sourceTree = "<group>"; };
		4A74A54802A8F0D920E648D3 /* HealthKitReporterWatchApp.swift */ = {isa = PBXFileReference; includeInIndex = 1; lastKnownFileType = sourcecode.swift; path = HealthKitReporterWatchApp.swift; sourceTree = "<group>"; };
		4B103E0B288EFF86C60FFAE6 /* DemoSectionHeaderView.swift */ = {isa = PBXFileReference; includeInIndex = 1; lastKnownFileType = sourcecode.swift; path = DemoSectionHeaderView.swift; sourceTree = "<group>"; };
		50903794B3083DFFBD2E410E /* LiveQueries.swift */ = {isa = PBXFileReference; includeInIndex = 1; lastKnownFileType = sourcecode.swift; path = LiveQueries.swift; sourceTree = "<group>"; };
		5CD9502953B49AA83BC74E74 /* HealthKitReporterWatch.app */ = {isa = PBXFileReference; explicitFileType = wrapper.application; includeInIndex = 0; path = HealthKitReporterWatch.app; sourceTree = BUILT_PRODUCTS_DIR; };
		607FACD01AFB9204008FA782 /* HealthKitReporter_Example.app */ = {isa = PBXFileReference; explicitFileType = wrapper.application; includeInIndex = 0; path = HealthKitReporter_Example.app; sourceTree = BUILT_PRODUCTS_DIR; };
		607FACD41AFB9204008FA782 /* Info.plist */ = {isa = PBXFileReference; lastKnownFileType = text.plist.xml; path = Info.plist; sourceTree = "<group>"; };
		607FACD51AFB9204008FA782 /* AppDelegate.swift */ = {isa = PBXFileReference; lastKnownFileType = sourcecode.swift; path = AppDelegate.swift; sourceTree = "<group>"; };
		607FACDC1AFB9204008FA782 /* Images.xcassets */ = {isa = PBXFileReference; lastKnownFileType = folder.assetcatalog; path = Images.xcassets; sourceTree = "<group>"; };
		607FACDF1AFB9204008FA782 /* Base */ = {isa = PBXFileReference; lastKnownFileType = file.xib; name = Base; path = Base.lproj/LaunchScreen.xib; sourceTree = "<group>"; };
		784CB4452F8A563A8EC84C82 /* README.md */ = {isa = PBXFileReference; includeInIndex = 1; lastKnownFileType = net.daringfireball.markdown; name = README.md; path = ../README.md; sourceTree = "<group>"; };
		78574B0DE430F32780E70D46 /* DemoCell.swift */ = {isa = PBXFileReference; includeInIndex = 1; lastKnownFileType = sourcecode.swift; path = DemoCell.swift; sourceTree = "<group>"; };
		831CAB0A312C48E5713E6AAF /* AuthorizationDemos.swift */ = {isa = PBXFileReference; includeInIndex = 1; lastKnownFileType = sourcecode.swift; path = AuthorizationDemos.swift; sourceTree = "<group>"; };
		83CB809F903CB6AF6CF5E3BC /* DemoHeaderView.swift */ = {isa = PBXFileReference; includeInIndex = 1; lastKnownFileType = sourcecode.swift; path = DemoHeaderView.swift; sourceTree = "<group>"; };
		8DB0CE9F810F0BE3697A5E06 /* DemoView.swift */ = {isa = PBXFileReference; includeInIndex = 1; lastKnownFileType = sourcecode.swift; path = DemoView.swift; sourceTree = "<group>"; };
		9127C5684F3F1B80DFA628A0 /* ObserverDemos.swift */ = {isa = PBXFileReference; includeInIndex = 1; lastKnownFileType = sourcecode.swift; path = ObserverDemos.swift; sourceTree = "<group>"; };
		9778DFE1D9633B197827F125 /* DemoViewModel.swift */ = {isa = PBXFileReference; includeInIndex = 1; lastKnownFileType = sourcecode.swift; path = DemoViewModel.swift; sourceTree = "<group>"; };
		9B1A41E35678FC29B46044C2 /* Extensions+NSPredicate.swift */ = {isa = PBXFileReference; includeInIndex = 1; lastKnownFileType = sourcecode.swift; path = "Extensions+NSPredicate.swift"; sourceTree = "<group>"; };
		BFB16590C7872C5419BBD62D /* DemoSection.swift */ = {isa = PBXFileReference; includeInIndex = 1; lastKnownFileType = sourcecode.swift; path = DemoSection.swift; sourceTree = "<group>"; };
		C1195AF66845E5204246F9A7 /* ManagerDemos.swift */ = {isa = PBXFileReference; includeInIndex = 1; lastKnownFileType = sourcecode.swift; path = ManagerDemos.swift; sourceTree = "<group>"; };
		CBDD86B3529124CD16E5584C /* WorkoutSession.swift */ = {isa = PBXFileReference; includeInIndex = 1; lastKnownFileType = sourcecode.swift; path = WorkoutSession.swift; sourceTree = "<group>"; };
		D50B30F25074366B11C222EC /* WatchAppDelegate.swift */ = {isa = PBXFileReference; includeInIndex = 1; lastKnownFileType = sourcecode.swift; path = WatchAppDelegate.swift; sourceTree = "<group>"; };
		D9FEAFB977B5FD819D58FB6C /* Foundation.framework */ = {isa = PBXFileReference; lastKnownFileType = wrapper.framework; name = Foundation.framework; path = Platforms/WatchOS.platform/Developer/SDKs/WatchOS11.0.sdk/System/Library/Frameworks/Foundation.framework; sourceTree = DEVELOPER_DIR; };
		DA62FEEBED8ADC6E8B2A49A3 /* DemoResult.swift */ = {isa = PBXFileReference; includeInIndex = 1; lastKnownFileType = sourcecode.swift; path = DemoResult.swift; sourceTree = "<group>"; };
		E3AF36C0587A0BB81C3A5F50 /* DemoViewController.swift */ = {isa = PBXFileReference; includeInIndex = 1; lastKnownFileType = sourcecode.swift; path = DemoViewController.swift; sourceTree = "<group>"; };
		E99BA72C15D1884C0B1E5444 /* LICENSE */ = {isa = PBXFileReference; includeInIndex = 1; lastKnownFileType = text; name = LICENSE; path = ../LICENSE; sourceTree = "<group>"; };
		F1D968EEFB9FA2F9572D2D21 /* DemoPerformer.swift */ = {isa = PBXFileReference; includeInIndex = 1; lastKnownFileType = sourcecode.swift; path = DemoPerformer.swift; sourceTree = "<group>"; };
/* End PBXFileReference section */

/* Begin PBXFrameworksBuildPhase section */
		607FACCD1AFB9204008FA782 /* Frameworks */ = {
			isa = PBXFrameworksBuildPhase;
			buildActionMask = 2147483647;
			files = (
				179DA3B125250601003A2C22 /* HealthKit.framework in Frameworks */,
				E6F5815BBA0B5A7DB9893315 /* HealthKitReporter in Frameworks */,
			);
			runOnlyForDeploymentPostprocessing = 0;
		};
		CBE4EABE27654744AEF72623 /* Frameworks */ = {
			isa = PBXFrameworksBuildPhase;
			buildActionMask = 2147483647;
			files = (
				0775C0479A7444DC8FB800AF /* Foundation.framework in Frameworks */,
				674CBD1893A9EFF7386D7989 /* HealthKitReporter in Frameworks */,
			);
			runOnlyForDeploymentPostprocessing = 0;
		};
/* End PBXFrameworksBuildPhase section */

/* Begin PBXGroup section */
		017E28B94863D1FDD25C69CA /* Demo */ = {
			isa = PBXGroup;
			children = (
				78574B0DE430F32780E70D46 /* DemoCell.swift */,
				83CB809F903CB6AF6CF5E3BC /* DemoHeaderView.swift */,
				DA62FEEBED8ADC6E8B2A49A3 /* DemoResult.swift */,
				1619DC4A33FE5CBB92213A85 /* DemoRow.swift */,
				BFB16590C7872C5419BBD62D /* DemoSection.swift */,
				8DB0CE9F810F0BE3697A5E06 /* DemoView.swift */,
				E3AF36C0587A0BB81C3A5F50 /* DemoViewController.swift */,
				9778DFE1D9633B197827F125 /* DemoViewModel.swift */,
				4B103E0B288EFF86C60FFAE6 /* DemoSectionHeaderView.swift */,
			);
			path = Demo;
			sourceTree = "<group>";
		};
		17FB97D825813A150092B9E9 /* Service */ = {
			isa = PBXGroup;
			children = (
				17FB97D02581399C0092B9E9 /* LocalNotificationManager.swift */,
				17FB97D925813A250092B9E9 /* LocalNotification.swift */,
				831CAB0A312C48E5713E6AAF /* AuthorizationDemos.swift */,
				F1D968EEFB9FA2F9572D2D21 /* DemoPerformer.swift */,
				0E94B4AA9F04E3B682573F96 /* DemoSamples.swift */,
				2091E65F20470315B7CE52AC /* Extensions+HealthKitReporter.swift */,
				9B1A41E35678FC29B46044C2 /* Extensions+NSPredicate.swift */,
				1F2A75198314747587C8AF62 /* Extensions+Sequence.swift */,
				26F305D5C0C878EEA203AE98 /* HealthKitReporterService.swift */,
				50903794B3083DFFBD2E410E /* LiveQueries.swift */,
				C1195AF66845E5204246F9A7 /* ManagerDemos.swift */,
				9127C5684F3F1B80DFA628A0 /* ObserverDemos.swift */,
				3210B57F8ADF82F0E89BF5F8 /* ReaderDemos.swift */,
				169B453CE6C1B2A0CCC35EB6 /* RecordsDemos.swift */,
				2711930C03A6CF07308CA1F2 /* SeedingDemos.swift */,
				070BD0EBAE78B36F6353742C /* StatisticsDemos.swift */,
				1A176DB429BA8C55C3132CA3 /* WriterDemos.swift */,
				06470CCEF42ED44D57F72157 /* Extensions+String.swift */,
				24E2CE50725920879C6CC967 /* Extensions+Encodable.swift */,
			);
			path = Service;
			sourceTree = "<group>";
		};
		463E276114BADFEDC2B011FB /* watchOS */ = {
			isa = PBXGroup;
			children = (
				D9FEAFB977B5FD819D58FB6C /* Foundation.framework */,
			);
			name = watchOS;
			sourceTree = "<group>";
		};
		607FACC71AFB9204008FA782 = {
			isa = PBXGroup;
			children = (
				04F570C725DC5EC80084336C /* .swiftlint.yml */,
				179DA3AF25250601003A2C22 /* HealthKitReporter_Example.entitlements */,
				607FACF51AFB993E008FA782 /* Metadata */,
				607FACD21AFB9204008FA782 /* HealthKitReporter_Example */,
				607FACD11AFB9204008FA782 /* Products */,
				EFEE644578DD36BEA5CC9322 /* Frameworks */,
				929908072B11F4DF14FAFADE /* HealthKitReporterWatch */,
			);
			sourceTree = "<group>";
		};
		607FACD11AFB9204008FA782 /* Products */ = {
			isa = PBXGroup;
			children = (
				607FACD01AFB9204008FA782 /* HealthKitReporter_Example.app */,
				5CD9502953B49AA83BC74E74 /* HealthKitReporterWatch.app */,
			);
			name = Products;
			sourceTree = "<group>";
		};
		607FACD21AFB9204008FA782 /* HealthKitReporter_Example */ = {
			isa = PBXGroup;
			children = (
				17FB97D825813A150092B9E9 /* Service */,
				607FACD51AFB9204008FA782 /* AppDelegate.swift */,
				607FACDC1AFB9204008FA782 /* Images.xcassets */,
				607FACDE1AFB9204008FA782 /* LaunchScreen.xib */,
				607FACD31AFB9204008FA782 /* Supporting Files */,
				017E28B94863D1FDD25C69CA /* Demo */,
			);
			name = HealthKitReporter_Example;
			path = HealthKitReporter;
			sourceTree = "<group>";
		};
		607FACD31AFB9204008FA782 /* Supporting Files */ = {
			isa = PBXGroup;
			children = (
				607FACD41AFB9204008FA782 /* Info.plist */,
			);
			name = "Supporting Files";
			sourceTree = "<group>";
		};
		607FACF51AFB993E008FA782 /* Metadata */ = {
			isa = PBXGroup;
			children = (
				17B76BF9255C501100A62E96 /* CHANGELOG.md */,
				17B76BF7255C501100A62E96 /* CODE_OF_CONDUCT.md */,
				17B76BF8255C501100A62E96 /* CONTRIBUTING.md */,
				784CB4452F8A563A8EC84C82 /* README.md */,
				E99BA72C15D1884C0B1E5444 /* LICENSE */,
			);
			name = Metadata;
			sourceTree = "<group>";
		};
		929908072B11F4DF14FAFADE /* HealthKitReporterWatch */ = {
			isa = PBXGroup;
			children = (
				4A74A54802A8F0D920E648D3 /* HealthKitReporterWatchApp.swift */,
				D50B30F25074366B11C222EC /* WatchAppDelegate.swift */,
				CBDD86B3529124CD16E5584C /* WorkoutSession.swift */,
				399B47909B1CB7776672347C /* WorkoutView.swift */,
				4225B1F2FA7288FF2B5908B1 /* HealthKitReporterWatch.entitlements */,
			);
			path = HealthKitReporterWatch;
			sourceTree = "<group>";
		};
		EFEE644578DD36BEA5CC9322 /* Frameworks */ = {
			isa = PBXGroup;
			children = (
				179DA3B025250601003A2C22 /* HealthKit.framework */,
				463E276114BADFEDC2B011FB /* watchOS */,
			);
			name = Frameworks;
			sourceTree = "<group>";
		};
/* End PBXGroup section */

/* Begin PBXNativeTarget section */
		607FACCF1AFB9204008FA782 /* HealthKitReporter_Example */ = {
			isa = PBXNativeTarget;
			buildConfigurationList = 607FACEF1AFB9204008FA782 /* Build configuration list for PBXNativeTarget "HealthKitReporter_Example" */;
			buildPhases = (
				607FACCC1AFB9204008FA782 /* Sources */,
				607FACCD1AFB9204008FA782 /* Frameworks */,
				607FACCE1AFB9204008FA782 /* Resources */,
				04F570C625DC5E930084336C /* SwiftLint */,
				9879F941837E4C5DEACFC021 /* Embed Watch Content */,
			);
			buildRules = (
			);
			dependencies = (
				EC567FB538DBDDFFDCE90283 /* PBXTargetDependency */,
			);
			name = HealthKitReporter_Example;
			packageProductDependencies = (
				CB29EA5850873314422F3F49 /* HealthKitReporter */,
			);
			productName = HealthKitReporter;
			productReference = 607FACD01AFB9204008FA782 /* HealthKitReporter_Example.app */;
			productType = "com.apple.product-type.application";
		};
		E5D2EE5702AB2A511D84D548 /* HealthKitReporterWatch */ = {
			isa = PBXNativeTarget;
			buildConfigurationList = 42D936D650B9ED50E482A11A /* Build configuration list for PBXNativeTarget "HealthKitReporterWatch" */;
			buildPhases = (
				7E2767CE8CF69FEE1E1A87A8 /* Sources */,
				CBE4EABE27654744AEF72623 /* Frameworks */,
				A66466442D7CE86DFF6FB4DC /* Resources */,
			);
			buildRules = (
			);
			dependencies = (
			);
			name = HealthKitReporterWatch;
			packageProductDependencies = (
				F4C4ACD184EFE2E22AFFB9F2 /* HealthKitReporter */,
			);
			productName = HealthKitReporterWatch;
			productReference = 5CD9502953B49AA83BC74E74 /* HealthKitReporterWatch.app */;
			productType = "com.apple.product-type.application";
		};
/* End PBXNativeTarget section */

/* Begin PBXProject section */
		607FACC81AFB9204008FA782 /* Project object */ = {
			isa = PBXProject;
			attributes = {
				LastSwiftUpdateCheck = 0830;
				LastUpgradeCheck = 1200;
				ORGANIZATIONNAME = "";
				TargetAttributes = {
					607FACCF1AFB9204008FA782 = {
						CreatedOnToolsVersion = 6.3.1;
						LastSwiftMigration = 1200;
					};
					607FACE41AFB9204008FA782 = {
						CreatedOnToolsVersion = 6.3.1;
						DevelopmentTeam = MAVP5V2N7V;
						LastSwiftMigration = 1200;
						TestTargetID = 607FACCF1AFB9204008FA782;
					};
				};
			};
			buildConfigurationList = 607FACCB1AFB9204008FA782 /* Build configuration list for PBXProject "HealthKitReporter" */;
			compatibilityVersion = "Xcode 15.0";
			developmentRegion = en;
			hasScannedForEncodings = 0;
			knownRegions = (
				en,
				Base,
			);
			mainGroup = 607FACC71AFB9204008FA782;
			packageReferences = (
				293E957C8B8CCDE7046A624A /* XCLocalSwiftPackageReference ".." */,
			);
			productRefGroup = 607FACD11AFB9204008FA782 /* Products */;
			projectDirPath = "";
			projectRoot = "";
			targets = (
				607FACCF1AFB9204008FA782 /* HealthKitReporter_Example */,
				E5D2EE5702AB2A511D84D548 /* HealthKitReporterWatch */,
			);
		};
/* End PBXProject section */

/* Begin PBXResourcesBuildPhase section */
		607FACCE1AFB9204008FA782 /* Resources */ = {
			isa = PBXResourcesBuildPhase;
			buildActionMask = 2147483647;
			files = (
				607FACE01AFB9204008FA782 /* LaunchScreen.xib in Resources */,
				607FACDD1AFB9204008FA782 /* Images.xcassets in Resources */,
			);
			runOnlyForDeploymentPostprocessing = 0;
		};
		A66466442D7CE86DFF6FB4DC /* Resources */ = {
			isa = PBXResourcesBuildPhase;
			buildActionMask = 2147483647;
			files = (
			);
			runOnlyForDeploymentPostprocessing = 0;
		};
/* End PBXResourcesBuildPhase section */

/* Begin PBXShellScriptBuildPhase section */
		04F570C625DC5E930084336C /* SwiftLint */ = {
			isa = PBXShellScriptBuildPhase;
			alwaysOutOfDate = 1;
			buildActionMask = 2147483647;
			files = (
			);
			inputFileListPaths = (
			);
			inputPaths = (
			);
			name = SwiftLint;
			outputFileListPaths = (
			);
			outputPaths = (
			);
			runOnlyForDeploymentPostprocessing = 0;
			shellPath = /bin/sh;
			shellScript = "# Lints the whole repository with its .swiftlint.yml, as CI does\nif which swiftlint >/dev/null; then\n  cd \"${SRCROOT}/..\" && swiftlint lint --quiet\nelse\n  echo \"warning: SwiftLint not installed, download from https://github.com/realm/SwiftLint\"\nfi\n";
		};
/* End PBXShellScriptBuildPhase section */

/* Begin PBXSourcesBuildPhase section */
		607FACCC1AFB9204008FA782 /* Sources */ = {
			isa = PBXSourcesBuildPhase;
			buildActionMask = 2147483647;
			files = (
				17FB97DA25813A250092B9E9 /* LocalNotification.swift in Sources */,
				17FB97D12581399C0092B9E9 /* LocalNotificationManager.swift in Sources */,
				607FACD61AFB9204008FA782 /* AppDelegate.swift in Sources */,
				177A689D26198F15435C0353 /* DemoCell.swift in Sources */,
				53F21E22BCAF950177B7CCE9 /* DemoHeaderView.swift in Sources */,
				A6D7C9CDECA7F7E09D94D4CD /* DemoResult.swift in Sources */,
				3CE3BFA8F0756058C3670C13 /* DemoRow.swift in Sources */,
				3C1F425779E73FF7028F9890 /* DemoSection.swift in Sources */,
				A6AD053525AD15D77ABB0F46 /* DemoView.swift in Sources */,
				48455D0340F3A069DACC669E /* DemoViewController.swift in Sources */,
				ECEA117B619BAC74A17F10ED /* DemoViewModel.swift in Sources */,
				2E1F4EBBF4CFAB5C8C54A774 /* AuthorizationDemos.swift in Sources */,
				79D38A611469DF8B137672C5 /* DemoPerformer.swift in Sources */,
				056272BAFDB0E01E55F72269 /* DemoSamples.swift in Sources */,
				0F857CA510AADA16A3308649 /* Extensions+HealthKitReporter.swift in Sources */,
				851FB4AE717EF8869E4CA6E4 /* Extensions+NSPredicate.swift in Sources */,
				A63CA83278161A7ABD306DDD /* Extensions+Sequence.swift in Sources */,
				BE602FE58B41A2CABA79C73F /* HealthKitReporterService.swift in Sources */,
				888EC253105DE02032668BE6 /* LiveQueries.swift in Sources */,
				576F76E3D92152EF61ACE43A /* ManagerDemos.swift in Sources */,
				BB3D2988B7C86A7A836EEF8E /* ObserverDemos.swift in Sources */,
				DA6428C07EBFC785EE444D8E /* ReaderDemos.swift in Sources */,
				2BDE720567D8647A1A84168B /* RecordsDemos.swift in Sources */,
				AE5A04A51E92F5CEFD47772A /* SeedingDemos.swift in Sources */,
				90F47831AD5EEBC2902E5632 /* StatisticsDemos.swift in Sources */,
				D9E5DA09CCFD8FCB44918A89 /* WriterDemos.swift in Sources */,
				77C7B8B5021356F6A9536FD2 /* Extensions+String.swift in Sources */,
				C1F799065E5417D08A957DB2 /* Extensions+Encodable.swift in Sources */,
				76B5473E561501E6A15874C5 /* DemoSectionHeaderView.swift in Sources */,
			);
			runOnlyForDeploymentPostprocessing = 0;
		};
		7E2767CE8CF69FEE1E1A87A8 /* Sources */ = {
			isa = PBXSourcesBuildPhase;
			buildActionMask = 2147483647;
			files = (
				FA346A3AC34BAE92AE078786 /* HealthKitReporterWatchApp.swift in Sources */,
				7CC9EFF65B542E9EDA1E64FA /* WatchAppDelegate.swift in Sources */,
				99834C60B8BDC829B01F4525 /* WorkoutSession.swift in Sources */,
				0C20C180806A2920BF058A5C /* WorkoutView.swift in Sources */,
			);
			runOnlyForDeploymentPostprocessing = 0;
		};
/* End PBXSourcesBuildPhase section */

/* Begin PBXTargetDependency section */
		EC567FB538DBDDFFDCE90283 /* PBXTargetDependency */ = {
			isa = PBXTargetDependency;
			name = HealthKitReporterWatch;
			target = E5D2EE5702AB2A511D84D548 /* HealthKitReporterWatch */;
			targetProxy = AC746AC60A2670C5A8A6B375 /* PBXContainerItemProxy */;
		};
/* End PBXTargetDependency section */

/* Begin PBXVariantGroup section */
		607FACDE1AFB9204008FA782 /* LaunchScreen.xib */ = {
			isa = PBXVariantGroup;
			children = (
				607FACDF1AFB9204008FA782 /* Base */,
			);
			name = LaunchScreen.xib;
			sourceTree = "<group>";
		};
/* End PBXVariantGroup section */

/* Begin XCBuildConfiguration section */
		607FACED1AFB9204008FA782 /* Debug */ = {
			isa = XCBuildConfiguration;
			buildSettings = {
				ALWAYS_SEARCH_USER_PATHS = NO;
				CLANG_ANALYZER_LOCALIZABILITY_NONLOCALIZED = YES;
				CLANG_CXX_LANGUAGE_STANDARD = "gnu++0x";
				CLANG_CXX_LIBRARY = "libc++";
				CLANG_ENABLE_MODULES = YES;
				CLANG_ENABLE_OBJC_ARC = YES;
				CLANG_WARN_BLOCK_CAPTURE_AUTORELEASING = YES;
				CLANG_WARN_BOOL_CONVERSION = YES;
				CLANG_WARN_COMMA = YES;
				CLANG_WARN_CONSTANT_CONVERSION = YES;
				CLANG_WARN_DEPRECATED_OBJC_IMPLEMENTATIONS = YES;
				CLANG_WARN_DIRECT_OBJC_ISA_USAGE = YES_ERROR;
				CLANG_WARN_EMPTY_BODY = YES;
				CLANG_WARN_ENUM_CONVERSION = YES;
				CLANG_WARN_INFINITE_RECURSION = YES;
				CLANG_WARN_INT_CONVERSION = YES;
				CLANG_WARN_NON_LITERAL_NULL_CONVERSION = YES;
				CLANG_WARN_OBJC_IMPLICIT_RETAIN_SELF = YES;
				CLANG_WARN_OBJC_LITERAL_CONVERSION = YES;
				CLANG_WARN_OBJC_ROOT_CLASS = YES_ERROR;
				CLANG_WARN_QUOTED_INCLUDE_IN_FRAMEWORK_HEADER = YES;
				CLANG_WARN_RANGE_LOOP_ANALYSIS = YES;
				CLANG_WARN_STRICT_PROTOTYPES = YES;
				CLANG_WARN_SUSPICIOUS_MOVE = YES;
				CLANG_WARN_UNREACHABLE_CODE = YES;
				CLANG_WARN__DUPLICATE_METHOD_MATCH = YES;
				"CODE_SIGN_IDENTITY[sdk=iphoneos*]" = "iPhone Developer";
				COPY_PHASE_STRIP = NO;
				DEBUG_INFORMATION_FORMAT = "dwarf-with-dsym";
				ENABLE_STRICT_OBJC_MSGSEND = YES;
				ENABLE_TESTABILITY = YES;
				GCC_C_LANGUAGE_STANDARD = gnu99;
				GCC_DYNAMIC_NO_PIC = NO;
				GCC_NO_COMMON_BLOCKS = YES;
				GCC_OPTIMIZATION_LEVEL = 0;
				GCC_PREPROCESSOR_DEFINITIONS = (
					"DEBUG=1",
					"$(inherited)",
				);
				GCC_SYMBOLS_PRIVATE_EXTERN = NO;
				GCC_WARN_64_TO_32_BIT_CONVERSION = YES;
				GCC_WARN_ABOUT_RETURN_TYPE = YES_ERROR;
				GCC_WARN_UNDECLARED_SELECTOR = YES;
				GCC_WARN_UNINITIALIZED_AUTOS = YES_AGGRESSIVE;
				GCC_WARN_UNUSED_FUNCTION = YES;
				GCC_WARN_UNUSED_VARIABLE = YES;
				IPHONEOS_DEPLOYMENT_TARGET = 15.0;
				MARKETING_VERSION = 3.0.0;
				MTL_ENABLE_DEBUG_INFO = YES;
				ONLY_ACTIVE_ARCH = YES;
				SDKROOT = iphoneos;
				SWIFT_OPTIMIZATION_LEVEL = "-Onone";
			};
			name = Debug;
		};
		607FACEE1AFB9204008FA782 /* Release */ = {
			isa = XCBuildConfiguration;
			buildSettings = {
				ALWAYS_SEARCH_USER_PATHS = NO;
				CLANG_ANALYZER_LOCALIZABILITY_NONLOCALIZED = YES;
				CLANG_CXX_LANGUAGE_STANDARD = "gnu++0x";
				CLANG_CXX_LIBRARY = "libc++";
				CLANG_ENABLE_MODULES = YES;
				CLANG_ENABLE_OBJC_ARC = YES;
				CLANG_WARN_BLOCK_CAPTURE_AUTORELEASING = YES;
				CLANG_WARN_BOOL_CONVERSION = YES;
				CLANG_WARN_COMMA = YES;
				CLANG_WARN_CONSTANT_CONVERSION = YES;
				CLANG_WARN_DEPRECATED_OBJC_IMPLEMENTATIONS = YES;
				CLANG_WARN_DIRECT_OBJC_ISA_USAGE = YES_ERROR;
				CLANG_WARN_EMPTY_BODY = YES;
				CLANG_WARN_ENUM_CONVERSION = YES;
				CLANG_WARN_INFINITE_RECURSION = YES;
				CLANG_WARN_INT_CONVERSION = YES;
				CLANG_WARN_NON_LITERAL_NULL_CONVERSION = YES;
				CLANG_WARN_OBJC_IMPLICIT_RETAIN_SELF = YES;
				CLANG_WARN_OBJC_LITERAL_CONVERSION = YES;
				CLANG_WARN_OBJC_ROOT_CLASS = YES_ERROR;
				CLANG_WARN_QUOTED_INCLUDE_IN_FRAMEWORK_HEADER = YES;
				CLANG_WARN_RANGE_LOOP_ANALYSIS = YES;
				CLANG_WARN_STRICT_PROTOTYPES = YES;
				CLANG_WARN_SUSPICIOUS_MOVE = YES;
				CLANG_WARN_UNREACHABLE_CODE = YES;
				CLANG_WARN__DUPLICATE_METHOD_MATCH = YES;
				"CODE_SIGN_IDENTITY[sdk=iphoneos*]" = "iPhone Developer";
				COPY_PHASE_STRIP = NO;
				DEBUG_INFORMATION_FORMAT = "dwarf-with-dsym";
				ENABLE_NS_ASSERTIONS = NO;
				ENABLE_STRICT_OBJC_MSGSEND = YES;
				GCC_C_LANGUAGE_STANDARD = gnu99;
				GCC_NO_COMMON_BLOCKS = YES;
				GCC_WARN_64_TO_32_BIT_CONVERSION = YES;
				GCC_WARN_ABOUT_RETURN_TYPE = YES_ERROR;
				GCC_WARN_UNDECLARED_SELECTOR = YES;
				GCC_WARN_UNINITIALIZED_AUTOS = YES_AGGRESSIVE;
				GCC_WARN_UNUSED_FUNCTION = YES;
				GCC_WARN_UNUSED_VARIABLE = YES;
				IPHONEOS_DEPLOYMENT_TARGET = 15.0;
				MARKETING_VERSION = 3.0.0;
				MTL_ENABLE_DEBUG_INFO = NO;
				SDKROOT = iphoneos;
				SWIFT_OPTIMIZATION_LEVEL = "-Owholemodule";
				VALIDATE_PRODUCT = YES;
			};
			name = Release;
		};
		607FACF01AFB9204008FA782 /* Debug */ = {
			isa = XCBuildConfiguration;
			buildSettings = {
				ASSETCATALOG_COMPILER_APPICON_NAME = AppIcon;
				CODE_SIGN_ENTITLEMENTS = HealthKitReporter_Example.entitlements;
				CODE_SIGN_IDENTITY = "Apple Development";
				CODE_SIGN_STYLE = Automatic;
				DEVELOPMENT_TEAM = 22XJH423PD;
				INFOPLIST_FILE = HealthKitReporter/Info.plist;
				IPHONEOS_DEPLOYMENT_TARGET = 15.0;
				LD_RUNPATH_SEARCH_PATHS = (
					"$(inherited)",
					"@executable_path/Frameworks",
				);
				MODULE_NAME = ExampleApp;
				PRODUCT_BUNDLE_IDENTIFIER = "com.kvs.demo.$(PRODUCT_NAME:rfc1034identifier)";
				PRODUCT_NAME = "$(TARGET_NAME)";
				PROVISIONING_PROFILE_SPECIFIER = "";
				SWIFT_SWIFT3_OBJC_INFERENCE = Default;
				SWIFT_VERSION = 5.0;
			};
			name = Debug;
		};
		607FACF11AFB9204008FA782 /* Release */ = {
			isa = XCBuildConfiguration;
			buildSettings = {
				ASSETCATALOG_COMPILER_APPICON_NAME = AppIcon;
				CODE_SIGN_ENTITLEMENTS = HealthKitReporter_Example.entitlements;
				CODE_SIGN_IDENTITY = "Apple Development";
				CODE_SIGN_STYLE = Automatic;
				DEVELOPMENT_TEAM = 22XJH423PD;
				INFOPLIST_FILE = HealthKitReporter/Info.plist;
				IPHONEOS_DEPLOYMENT_TARGET = 15.0;
				LD_RUNPATH_SEARCH_PATHS = (
					"$(inherited)",
					"@executable_path/Frameworks",
				);
				MODULE_NAME = ExampleApp;
				PRODUCT_BUNDLE_IDENTIFIER = "com.kvs.demo.$(PRODUCT_NAME:rfc1034identifier)";
				PRODUCT_NAME = "$(TARGET_NAME)";
				PROVISIONING_PROFILE_SPECIFIER = "";
				SWIFT_SWIFT3_OBJC_INFERENCE = Default;
				SWIFT_VERSION = 5.0;
			};
			name = Release;
		};
		99EB4805C23D5B8A0313DF26 /* Release */ = {
			isa = XCBuildConfiguration;
			buildSettings = {
				ALWAYS_EMBED_SWIFT_STANDARD_LIBRARIES = YES;
				ASSETCATALOG_COMPILER_APPICON_NAME = "";
				ASSETCATALOG_COMPILER_GLOBAL_ACCENT_COLOR_NAME = AccentColor;
				CODE_SIGN_ENTITLEMENTS = HealthKitReporterWatch/HealthKitReporterWatch.entitlements;
				CODE_SIGN_STYLE = Automatic;
				CURRENT_PROJECT_VERSION = 1;
				DEVELOPMENT_TEAM = MAVP5V2N7V;
				GENERATE_INFOPLIST_FILE = YES;
				INFOPLIST_KEY_CFBundleDisplayName = HealthKitReporter;
				INFOPLIST_KEY_NSHealthShareUsageDescription = "This app reads your heart rate during the demo workout";
				INFOPLIST_KEY_NSHealthUpdateUsageDescription = "This app saves the demo workout to Health";
				INFOPLIST_KEY_UISupportedInterfaceOrientations = "UIInterfaceOrientationPortrait UIInterfaceOrientationPortraitUpsideDown";
				INFOPLIST_KEY_WKCompanionAppBundleIdentifier = "com.kvs.demo.HealthKitReporter-Example";
				INFOPLIST_KEY_WKRunsIndependentlyOfCompanionApp = NO;
				MARKETING_VERSION = 1.0;
				PRODUCT_BUNDLE_IDENTIFIER = "com.kvs.demo.HealthKitReporter-Example.watchkitapp";
				PRODUCT_NAME = "$(TARGET_NAME)";
				SDKROOT = watchos;
				SKIP_INSTALL = YES;
				SWIFT_VERSION = 5.0;
				TARGETED_DEVICE_FAMILY = 4;
				VALIDATE_PRODUCT = YES;
				WATCHOS_DEPLOYMENT_TARGET = 10.0;
			};
			name = Release;
		};
		99EED7B7D94EF2AB08FD2588 /* Debug */ = {
			isa = XCBuildConfiguration;
			buildSettings = {
				ALWAYS_EMBED_SWIFT_STANDARD_LIBRARIES = YES;
				ASSETCATALOG_COMPILER_APPICON_NAME = "";
				ASSETCATALOG_COMPILER_GLOBAL_ACCENT_COLOR_NAME = AccentColor;
				CODE_SIGN_ENTITLEMENTS = HealthKitReporterWatch/HealthKitReporterWatch.entitlements;
				CODE_SIGN_STYLE = Automatic;
				CURRENT_PROJECT_VERSION = 1;
				DEVELOPMENT_TEAM = MAVP5V2N7V;
				GENERATE_INFOPLIST_FILE = YES;
				INFOPLIST_KEY_CFBundleDisplayName = HealthKitReporter;
				INFOPLIST_KEY_NSHealthShareUsageDescription = "This app reads your heart rate during the demo workout";
				INFOPLIST_KEY_NSHealthUpdateUsageDescription = "This app saves the demo workout to Health";
				INFOPLIST_KEY_UISupportedInterfaceOrientations = "UIInterfaceOrientationPortrait UIInterfaceOrientationPortraitUpsideDown";
				INFOPLIST_KEY_WKCompanionAppBundleIdentifier = "com.kvs.demo.HealthKitReporter-Example";
				INFOPLIST_KEY_WKRunsIndependentlyOfCompanionApp = NO;
				MARKETING_VERSION = 1.0;
				PRODUCT_BUNDLE_IDENTIFIER = "com.kvs.demo.HealthKitReporter-Example.watchkitapp";
				PRODUCT_NAME = "$(TARGET_NAME)";
				SDKROOT = watchos;
				SKIP_INSTALL = YES;
				SWIFT_VERSION = 5.0;
				TARGETED_DEVICE_FAMILY = 4;
				WATCHOS_DEPLOYMENT_TARGET = 10.0;
			};
			name = Debug;
		};
/* End XCBuildConfiguration section */

/* Begin XCConfigurationList section */
		42D936D650B9ED50E482A11A /* Build configuration list for PBXNativeTarget "HealthKitReporterWatch" */ = {
			isa = XCConfigurationList;
			buildConfigurations = (
				99EB4805C23D5B8A0313DF26 /* Release */,
				99EED7B7D94EF2AB08FD2588 /* Debug */,
			);
			defaultConfigurationIsVisible = 0;
			defaultConfigurationName = Release;
		};
		607FACCB1AFB9204008FA782 /* Build configuration list for PBXProject "HealthKitReporter" */ = {
			isa = XCConfigurationList;
			buildConfigurations = (
				607FACED1AFB9204008FA782 /* Debug */,
				607FACEE1AFB9204008FA782 /* Release */,
			);
			defaultConfigurationIsVisible = 0;
			defaultConfigurationName = Release;
		};
		607FACEF1AFB9204008FA782 /* Build configuration list for PBXNativeTarget "HealthKitReporter_Example" */ = {
			isa = XCConfigurationList;
			buildConfigurations = (
				607FACF01AFB9204008FA782 /* Debug */,
				607FACF11AFB9204008FA782 /* Release */,
			);
			defaultConfigurationIsVisible = 0;
			defaultConfigurationName = Release;
		};
/* End XCConfigurationList section */

/* Begin XCLocalSwiftPackageReference section */
		293E957C8B8CCDE7046A624A /* XCLocalSwiftPackageReference ".." */ = {
			isa = XCLocalSwiftPackageReference;
			relativePath = ..;
		};
/* End XCLocalSwiftPackageReference section */

/* Begin XCSwiftPackageProductDependency section */
		CB29EA5850873314422F3F49 /* HealthKitReporter */ = {
			isa = XCSwiftPackageProductDependency;
			package = 293E957C8B8CCDE7046A624A /* XCLocalSwiftPackageReference ".." */;
			productName = HealthKitReporter;
		};
		F4C4ACD184EFE2E22AFFB9F2 /* HealthKitReporter */ = {
			isa = XCSwiftPackageProductDependency;
			package = 293E957C8B8CCDE7046A624A /* XCLocalSwiftPackageReference ".." */;
			productName = HealthKitReporter;
		};
/* End XCSwiftPackageProductDependency section */
	};
	rootObject = 607FACC81AFB9204008FA782 /* Project object */;
}
